
Microsoft Visual Studio Solution File, Format Version 12.00
# Visual Studio Version 17
VisualStudioVersion = 17.11.35219.272
MinimumVisualStudioVersion = 10.0.40219.1
Project("{FAE04EC0-301F-11D3-BF4B-00C04F79EFBC}") = "ncqa_lab08", "ncqa_lab08.csproj", "{FC16087F-0324-42CD-95E5-BDAA963C213B}"
EndProject
Global
	GlobalSection(SolutionConfigurationPlatforms) = preSolution
		Debug|Any CPU = Debug|Any CPU
		Release|Any CPU = Release|Any CPU
	EndGlobalSection
	GlobalSection(ProjectConfigurationPlatforms) = postSolution
		{FC16087F-0324-42CD-95E5-BDAA963C213B}.Debug|Any CPU.ActiveCfg = Debug|Any CPU
		{FC16087F-0324-42CD-95E5-BDAA963C213B}.Debug|Any CPU.Build.0 = Debug|Any CPU
		{FC16087F-0324-42CD-95E5-BDAA963C213B}.Release|Any CPU.ActiveCfg = Release|Any CPU
		{FC16087F-0324-42CD-95E5-BDAA963C213B}.Release|Any CPU.Build.0 = Release|Any CPU
	EndGlobalSection
	GlobalSection(SolutionProperties) = preSolution
		HideSolutionNode = FALSE
	EndGlobalSection
	GlobalSection(ExtensibilityGlobals) = postSolution
		SolutionGuid = {47BABD15-71DF-4CBF-AE18-8D2E1C1F717D}
	EndGlobalSection
EndGlobal
